
Microsoft Visual Studio Solution File, Format Version 12.00
# Visual Studio Version 17
VisualStudioVersion = 17.1.32421.90
MinimumVisualStudioVersion = 10.0.40219.1
Project("{9A19103F-16F7-4668-BE54-9A1E7A4F7556}") = "TheConfectionRebirth", "TheConfectionRebirth.csproj", "{116E38AE-2F48-494B-A6AE-B0CB1990629C}"
EndProject
Global
	GlobalSection(SolutionConfigurationPlatforms) = preSolution
		Debug|Any CPU = Debug|Any CPU
		Release|Any CPU = Release|Any CPU
	EndGlobalSection
	GlobalSection(ProjectConfigurationPlatforms) = postSolution
		{116E38AE-2F48-494B-A6AE-B0CB1990629C}.Debug|Any CPU.ActiveCfg = Debug|Any CPU
		{116E38AE-2F48-494B-A6AE-B0CB1990629C}.Debug|Any CPU.Build.0 = Debug|Any CPU
		{116E38AE-2F48-494B-A6AE-B0CB1990629C}.Release|Any CPU.ActiveCfg = Release|Any CPU
		{116E38AE-2F48-494B-A6AE-B0CB1990629C}.Release|Any CPU.Build.0 = Release|Any CPU
	EndGlobalSection
	GlobalSection(SolutionProperties) = preSolution
		HideSolutionNode = FALSE
	EndGlobalSection
	GlobalSection(ExtensibilityGlobals) = postSolution
		SolutionGuid = {E65573D2-6A69-4841-93EA-50ADB24F1FF3}
	EndGlobalSection
EndGlobal
